// !$*UTF8*$!
{
	archiveVersion = 1;
	classes = {
	};
	objectVersion = 46;
	objects = {

/* Begin PBXBuildFile section */
		7D27CB96188DA20900EBF90B /* CustomizedSKView.m in Sources */ = {isa = PBXBuildFile; fileRef = 7D27CB95188DA20900EBF90B /* CustomizedSKView.m */; };
		7D6471741892C78D00BA29F6 /* theBigOSU.png in Resources */ = {isa = PBXBuildFile; fileRef = 7D6471731892C78D00BA29F6 /* theBigOSU.png */; };
		7D7131ED188C3F5000959B80 /* Cocoa.framework in Frameworks */ = {isa = PBXBuildFile; fileRef = 7D7131EC188C3F5000959B80 /* Cocoa.framework */; };
		7D7131EF188C3F5000959B80 /* SpriteKit.framework in Frameworks */ = {isa = PBXBuildFile; fileRef = 7D7131EE188C3F5000959B80 /* SpriteKit.framework */; };
		7D7131F9188C3F5000959B80 /* InfoPlist.strings in Resources */ = {isa = PBXBuildFile; fileRef = 7D7131F7188C3F5000959B80 /* InfoPlist.strings */; };
		7D7131FB188C3F5000959B80 /* main.m in Sources */ = {isa = PBXBuildFile; fileRef = 7D7131FA188C3F5000959B80 /* main.m */; };
		7D7131FF188C3F5000959B80 /* Credits.rtf in Resources */ = {isa = PBXBuildFile; fileRef = 7D7131FD188C3F5000959B80 /* Credits.rtf */; };
		7D713201188C3F5000959B80 /* MainMenu.xib in Resources */ = {isa = PBXBuildFile; fileRef = 7D713200188C3F5000959B80 /* MainMenu.xib */; };
		7D713203188C3F5000959B80 /* MyScene.m in Sources */ = {isa = PBXBuildFile; fileRef = 7D713202188C3F5000959B80 /* MyScene.m */; };
		7D713206188C3F5000959B80 /* AppDelegate.m in Sources */ = {isa = PBXBuildFile; fileRef = 7D713205188C3F5000959B80 /* AppDelegate.m */; };
		7D713209188C3F5000959B80 /* Spaceship.png in Resources */ = {isa = PBXBuildFile; fileRef = 7D713208188C3F5000959B80 /* Spaceship.png */; };
		7D71320B188C3F5000959B80 /* Images.xcassets in Resources */ = {isa = PBXBuildFile; fileRef = 7D71320A188C3F5000959B80 /* Images.xcassets */; };
		7D713212188C3F5000959B80 /* XCTest.framework in Frameworks */ = {isa = PBXBuildFile; fileRef = 7D713211188C3F5000959B80 /* XCTest.framework */; };
		7D713213188C3F5000959B80 /* Cocoa.framework in Frameworks */ = {isa = PBXBuildFile; fileRef = 7D7131EC188C3F5000959B80 /* Cocoa.framework */; };
		7D71321B188C3F5000959B80 /* InfoPlist.strings in Resources */ = {isa = PBXBuildFile; fileRef = 7D713219188C3F5000959B80 /* InfoPlist.strings */; };
		7D71321D188C3F5000959B80 /* osuTests.m in Sources */ = {isa = PBXBuildFile; fileRef = 7D71321C188C3F5000959B80 /* osuTests.m */; };
		7D71322E188C705E00959B80 /* MainScene.m in Sources */ = {isa = PBXBuildFile; fileRef = 7D71322D188C705E00959B80 /* MainScene.m */; };
		7DFA7E3E18918D5B00AB5E4D /* ScaningScene.m in Sources */ = {isa = PBXBuildFile; fileRef = 7DFA7E3D18918D5B00AB5E4D /* ScaningScene.m */; };
		7DFA7E4018918E7100AB5E4D /* osu! by peppy in Resources */ = {isa = PBXBuildFile; fileRef = 7DFA7E3F18918E7100AB5E4D /* osu! by peppy */; };
/* End PBXBuildFile section */

/* Begin PBXContainerItemProxy section */
		7D713214188C3F5000959B80 /* PBXContainerItemProxy */ = {
			isa = PBXContainerItemProxy;
			containerPortal = 7D7131E1188C3F5000959B80 /* Project object */;
			proxyType = 1;
			remoteGlobalIDString = 7D7131E8188C3F5000959B80;
			remoteInfo = osu;
		};
/* End PBXContainerItemProxy section */

/* Begin PBXFileReference section */
		7D27CB94188DA20900EBF90B /* CustomizedSKView.h */ = {isa = PBXFileReference; fileEncoding = 4; lastKnownFileType = sourcecode.c.h; path = CustomizedSKView.h; sourceTree = "<group>"; };
		7D27CB95188DA20900EBF90B /* CustomizedSKView.m */ = {isa = PBXFileReference; fileEncoding = 4; lastKnownFileType = sourcecode.c.objc; path = CustomizedSKView.m; sourceTree = "<group>"; };
		7D6471731892C78D00BA29F6 /* theBigOSU.png */ = {isa = PBXFileReference; lastKnownFileType = image.png; path = theBigOSU.png; sourceTree = "<group>"; };
		7D7131E9188C3F5000959B80 /* Osu for Mac!.app */ = {isa = PBXFileReference; explicitFileType = wrapper.application; includeInIndex = 0; path = "Osu for Mac!.app"; sourceTree = BUILT_PRODUCTS_DIR; };
		7D7131EC188C3F5000959B80 /* Cocoa.framework */ = {isa = PBXFileReference; lastKnownFileType = wrapper.framework; name = Cocoa.framework; path = System/Library/Frameworks/Cocoa.framework; sourceTree = SDKROOT; };
		7D7131EE188C3F5000959B80 /* SpriteKit.framework */ = {isa = PBXFileReference; lastKnownFileType = wrapper.framework; name = SpriteKit.framework; path = System/Library/Frameworks/SpriteKit.framework; sourceTree = SDKROOT; };
		7D7131F1188C3F5000959B80 /* AppKit.framework */ = {isa = PBXFileReference; lastKnownFileType = wrapper.framework; name = AppKit.framework; path = System/Library/Frameworks/AppKit.framework; sourceTree = SDKROOT; };
		7D7131F2188C3F5000959B80 /* CoreData.framework */ = {isa = PBXFileReference; lastKnownFileType = wrapper.framework; name = CoreData.framework; path = System/Library/Frameworks/CoreData.framework; sourceTree = SDKROOT; };
		7D7131F3188C3F5000959B80 /* Foundation.framework */ = {isa = PBXFileReference; lastKnownFileType = wrapper.framework; name = Foundation.framework; path = System/Library/Frameworks/Foundation.framework; sourceTree = SDKROOT; };
		7D7131F6188C3F5000959B80 /* Osu for Mac!-Info.plist */ = {isa = PBXFileReference; lastKnownFileType = text.plist.xml; path = "Osu for Mac!-Info.plist"; sourceTree = "<group>"; };
		7D7131F8188C3F5000959B80 /* en */ = {isa = PBXFileReference; lastKnownFileType = text.plist.strings; name = en; path = en.lproj/InfoPlist.strings; sourceTree = "<group>"; };
		7D7131FA188C3F5000959B80 /* main.m */ = {isa = PBXFileReference; lastKnownFileType = sourcecode.c.objc; path = main.m; sourceTree = "<group>"; };
		7D7131FC188C3F5000959B80 /* Osu for Mac!-Prefix.pch */ = {isa = PBXFileReference; lastKnownFileType = sourcecode.c.h; path = "Osu for Mac!-Prefix.pch"; sourceTree = "<group>"; };
		7D7131FE188C3F5000959B80 /* en */ = {isa = PBXFileReference; lastKnownFileType = text.rtf; name = en; path = en.lproj/Credits.rtf; sourceTree = "<group>"; };
		7D713200188C3F5000959B80 /* MainMenu.xib */ = {isa = PBXFileReference; lastKnownFileType = file.xib; path = MainMenu.xib; sourceTree = "<group>"; };
		7D713202188C3F5000959B80 /* MyScene.m */ = {isa = PBXFileReference; lastKnownFileType = sourcecode.c.objc; path = MyScene.m; sourceTree = "<group>"; };
		7D713204188C3F5000959B80 /* MyScene.h */ = {isa = PBXFileReference; lastKnownFileType = sourcecode.c.h; path = MyScene.h; sourceTree = "<group>"; };
		7D713205188C3F5000959B80 /* AppDelegate.m */ = {isa = PBXFileReference; lastKnownFileType = sourcecode.c.objc; path = AppDelegate.m; sourceTree = "<group>"; };
		7D713207188C3F5000959B80 /* AppDelegate.h */ = {isa = PBXFileReference; lastKnownFileType = sourcecode.c.h; path = AppDelegate.h; sourceTree = "<group>"; };
		7D713208188C3F5000959B80 /* Spaceship.png */ = {isa = PBXFileReference; lastKnownFileType = image.png; path = Spaceship.png; sourceTree = "<group>"; };
		7D71320A188C3F5000959B80 /* Images.xcassets */ = {isa = PBXFileReference; lastKnownFileType = folder.assetcatalog; path = Images.xcassets; sourceTree = "<group>"; };
		7D713210188C3F5000959B80 /* Osu for Mac!Tests.xctest */ = {isa = PBXFileReference; explicitFileType = wrapper.cfbundle; includeInIndex = 0; path = "Osu for Mac!Tests.xctest"; sourceTree = BUILT_PRODUCTS_DIR; };
		7D713211188C3F5000959B80 /* XCTest.framework */ = {isa = PBXFileReference; lastKnownFileType = wrapper.framework; name = XCTest.framework; path = Library/Frameworks/XCTest.framework; sourceTree = DEVELOPER_DIR; };
		7D713218188C3F5000959B80 /* Osu for Mac!Tests-Info.plist */ = {isa = PBXFileReference; lastKnownFileType = text.plist.xml; path = "Osu for Mac!Tests-Info.plist"; sourceTree = "<group>"; };
		7D71321A188C3F5000959B80 /* en */ = {isa = PBXFileReference; lastKnownFileType = text.plist.strings; name = en; path = en.lproj/InfoPlist.strings; sourceTree = "<group>"; };
		7D71321C188C3F5000959B80 /* osuTests.m */ = {isa = PBXFileReference; lastKnownFileType = sourcecode.c.objc; path = osuTests.m; sourceTree = "<group>"; };
		7D71322C188C705E00959B80 /* MainScene.h */ = {isa = PBXFileReference; fileEncoding = 4; lastKnownFileType = sourcecode.c.h; path = MainScene.h; sourceTree = "<group>"; };
		7D71322D188C705E00959B80 /* MainScene.m */ = {isa = PBXFileReference; fileEncoding = 4; lastKnownFileType = sourcecode.c.objc; path = MainScene.m; sourceTree = "<group>"; };
		7DFA7E3C18918D5B00AB5E4D /* ScaningScene.h */ = {isa = PBXFileReference; fileEncoding = 4; lastKnownFileType = sourcecode.c.h; path = ScaningScene.h; sourceTree = "<group>"; };
		7DFA7E3D18918D5B00AB5E4D /* ScaningScene.m */ = {isa = PBXFileReference; fileEncoding = 4; lastKnownFileType = sourcecode.c.objc; path = ScaningScene.m; sourceTree = "<group>"; };
		7DFA7E3F18918E7100AB5E4D /* osu! by peppy */ = {isa = PBXFileReference; lastKnownFileType = folder; name = "osu! by peppy"; path = "Skin/osu! by peppy"; sourceTree = "<group>"; };
/* End PBXFileReference section */

/* Begin PBXFrameworksBuildPhase section */
		7D7131E6188C3F5000959B80 /* Frameworks */ = {
			isa = PBXFrameworksBuildPhase;
			buildActionMask = 2147483647;
			files = (
				7D7131EF188C3F5000959B80 /* SpriteKit.framework in Frameworks */,
				7D7131ED188C3F5000959B80 /* Cocoa.framework in Frameworks */,
			);
			runOnlyForDeploymentPostprocessing = 0;
		};
		7D71320D188C3F5000959B80 /* Frameworks */ = {
			isa = PBXFrameworksBuildPhase;
			buildActionMask = 2147483647;
			files = (
				7D713213188C3F5000959B80 /* Cocoa.framework in Frameworks */,
				7D713212188C3F5000959B80 /* XCTest.framework in Frameworks */,
			);
			runOnlyForDeploymentPostprocessing = 0;
		};
/* End PBXFrameworksBuildPhase section */

/* Begin PBXGroup section */
		7D27CB8B188D97AF00EBF90B /* Skin */ = {
			isa = PBXGroup;
			children = (
				7D6471731892C78D00BA29F6 /* theBigOSU.png */,
				7DFA7E3F18918E7100AB5E4D /* osu! by peppy */,
			);
			name = Skin;
			sourceTree = "<group>";
		};
		7D27CB93188DA1DB00EBF90B /* View */ = {
			isa = PBXGroup;
			children = (
				7D27CB94188DA20900EBF90B /* CustomizedSKView.h */,
				7D27CB95188DA20900EBF90B /* CustomizedSKView.m */,
			);
			name = View;
			sourceTree = "<group>";
		};
		7D7131E0188C3F5000959B80 = {
			isa = PBXGroup;
			children = (
				7D7131F4188C3F5000959B80 /* osu */,
				7D713216188C3F5000959B80 /* osuTests */,
				7D7131EB188C3F5000959B80 /* Frameworks */,
				7D7131EA188C3F5000959B80 /* Products */,
			);
			sourceTree = "<group>";
		};
		7D7131EA188C3F5000959B80 /* Products */ = {
			isa = PBXGroup;
			children = (
				7D7131E9188C3F5000959B80 /* Osu for Mac!.app */,
				7D713210188C3F5000959B80 /* Osu for Mac!Tests.xctest */,
			);
			name = Products;
			sourceTree = "<group>";
		};
		7D7131EB188C3F5000959B80 /* Frameworks */ = {
			isa = PBXGroup;
			children = (
				7D7131EC188C3F5000959B80 /* Cocoa.framework */,
				7D7131EE188C3F5000959B80 /* SpriteKit.framework */,
				7D713211188C3F5000959B80 /* XCTest.framework */,
				7D7131F0188C3F5000959B80 /* Other Frameworks */,
			);
			name = Frameworks;
			sourceTree = "<group>";
		};
		7D7131F0188C3F5000959B80 /* Other Frameworks */ = {
			isa = PBXGroup;
			children = (
				7D7131F1188C3F5000959B80 /* AppKit.framework */,
				7D7131F2188C3F5000959B80 /* CoreData.framework */,
				7D7131F3188C3F5000959B80 /* Foundation.framework */,
			);
			name = "Other Frameworks";
			sourceTree = "<group>";
		};
		7D7131F4188C3F5000959B80 /* osu */ = {
			isa = PBXGroup;
			children = (
				7D713200188C3F5000959B80 /* MainMenu.xib */,
				7D27CB93188DA1DB00EBF90B /* View */,
				7D713202188C3F5000959B80 /* MyScene.m */,
				7D713204188C3F5000959B80 /* MyScene.h */,
				7DFA7E3C18918D5B00AB5E4D /* ScaningScene.h */,
				7DFA7E3D18918D5B00AB5E4D /* ScaningScene.m */,
				7D71322C188C705E00959B80 /* MainScene.h */,
				7D71322D188C705E00959B80 /* MainScene.m */,
				7D713205188C3F5000959B80 /* AppDelegate.m */,
				7D713207188C3F5000959B80 /* AppDelegate.h */,
				7D713208188C3F5000959B80 /* Spaceship.png */,
				7D71320A188C3F5000959B80 /* Images.xcassets */,
				7D7131F5188C3F5000959B80 /* Supporting Files */,
			);
			path = osu;
			sourceTree = "<group>";
		};
		7D7131F5188C3F5000959B80 /* Supporting Files */ = {
			isa = PBXGroup;
			children = (
				7D27CB8B188D97AF00EBF90B /* Skin */,
				7D7131F6188C3F5000959B80 /* Osu for Mac!-Info.plist */,
				7D7131F7188C3F5000959B80 /* InfoPlist.strings */,
				7D7131FA188C3F5000959B80 /* main.m */,
				7D7131FC188C3F5000959B80 /* Osu for Mac!-Prefix.pch */,
				7D7131FD188C3F5000959B80 /* Credits.rtf */,
			);
			name = "Supporting Files";
			sourceTree = "<group>";
		};
		7D713216188C3F5000959B80 /* osuTests */ = {
			isa = PBXGroup;
			children = (
				7D71321C188C3F5000959B80 /* osuTests.m */,
				7D713217188C3F5000959B80 /* Supporting Files */,
			);
			path = osuTests;
			sourceTree = "<group>";
		};
		7D713217188C3F5000959B80 /* Supporting Files */ = {
			isa = PBXGroup;
			children = (
				7D713218188C3F5000959B80 /* Osu for Mac!Tests-Info.plist */,
				7D713219188C3F5000959B80 /* InfoPlist.strings */,
			);
			name = "Supporting Files";
			sourceTree = "<group>";
		};
/* End PBXGroup section */

/* Begin PBXNativeTarget section */
		7D7131E8188C3F5000959B80 /* Osu for Mac! */ = {
			isa = PBXNativeTarget;
			buildConfigurationList = 7D713220188C3F5000959B80 /* Build configuration list for PBXNativeTarget "Osu for Mac!" */;
			buildPhases = (
				7D7131E5188C3F5000959B80 /* Sources */,
				7D7131E6188C3F5000959B80 /* Frameworks */,
				7D7131E7188C3F5000959B80 /* Resources */,
			);
			buildRules = (
			);
			dependencies = (
			);
			name = "Osu for Mac!";
			productName = osu;
			productReference = 7D7131E9188C3F5000959B80 /* Osu for Mac!.app */;
			productType = "com.apple.product-type.application";
		};
		7D71320F188C3F5000959B80 /* Osu for Mac!Tests */ = {
			isa = PBXNativeTarget;
			buildConfigurationList = 7D713223188C3F5000959B80 /* Build configuration list for PBXNativeTarget "Osu for Mac!Tests" */;
			buildPhases = (
				7D71320C188C3F5000959B80 /* Sources */,
				7D71320D188C3F5000959B80 /* Frameworks */,
				7D71320E188C3F5000959B80 /* Resources */,
			);
			buildRules = (
			);
			dependencies = (
				7D713215188C3F5000959B80 /* PBXTargetDependency */,
			);
			name = "Osu for Mac!Tests";
			productName = osuTests;
			productReference = 7D713210188C3F5000959B80 /* Osu for Mac!Tests.xctest */;
			productType = "com.apple.product-type.bundle.unit-test";
		};
/* End PBXNativeTarget section */

/* Begin PBXProject section */
		7D7131E1188C3F5000959B80 /* Project object */ = {
			isa = PBXProject;
			attributes = {
				LastUpgradeCheck = 0510;
				ORGANIZATIONNAME = "Willian-Zhang";
				TargetAttributes = {
					7D71320F188C3F5000959B80 = {
						TestTargetID = 7D7131E8188C3F5000959B80;
					};
				};
			};
			buildConfigurationList = 7D7131E4188C3F5000959B80 /* Build configuration list for PBXProject "Osu for Mac!" */;
			compatibilityVersion = "Xcode 3.2";
			developmentRegion = English;
			hasScannedForEncodings = 0;
			knownRegions = (
				en,
			);
			mainGroup = 7D7131E0188C3F5000959B80;
			productRefGroup = 7D7131EA188C3F5000959B80 /* Products */;
			projectDirPath = "";
			projectRoot = "";
			targets = (
				7D7131E8188C3F5000959B80 /* Osu for Mac! */,
				7D71320F188C3F5000959B80 /* Osu for Mac!Tests */,
			);
		};
/* End PBXProject section */

/* Begin PBXResourcesBuildPhase section */
		7D7131E7188C3F5000959B80 /* Resources */ = {
			isa = PBXResourcesBuildPhase;
			buildActionMask = 2147483647;
			files = (
				7D713209188C3F5000959B80 /* Spaceship.png in Resources */,
				7D71320B188C3F5000959B80 /* Images.xcassets in Resources */,
				7D7131F9188C3F5000959B80 /* InfoPlist.strings in Resources */,
				7D6471741892C78D00BA29F6 /* theBigOSU.png in Resources */,
				7D7131FF188C3F5000959B80 /* Credits.rtf in Resources */,
				7DFA7E4018918E7100AB5E4D /* osu! by peppy in Resources */,
				7D713201188C3F5000959B80 /* MainMenu.xib in Resources */,
			);
			runOnlyForDeploymentPostprocessing = 0;
		};
		7D71320E188C3F5000959B80 /* Resources */ = {
			isa = PBXResourcesBuildPhase;
			buildActionMask = 2147483647;
			files = (
				7D71321B188C3F5000959B80 /* InfoPlist.strings in Resources */,
			);
			runOnlyForDeploymentPostprocessing = 0;
		};
/* End PBXResourcesBuildPhase section */

/* Begin PBXSourcesBuildPhase section */
		7D7131E5188C3F5000959B80 /* Sources */ = {
			isa = PBXSourcesBuildPhase;
			buildActionMask = 2147483647;
			files = (
				7DFA7E3E18918D5B00AB5E4D /* ScaningScene.m in Sources */,
				7D713203188C3F5000959B80 /* MyScene.m in Sources */,
				7D7131FB188C3F5000959B80 /* main.m in Sources */,
				7D71322E188C705E00959B80 /* MainScene.m in Sources */,
				7D27CB96188DA20900EBF90B /* CustomizedSKView.m in Sources */,
				7D713206188C3F5000959B80 /* AppDelegate.m in Sources */,
			);
			runOnlyForDeploymentPostprocessing = 0;
		};
		7D71320C188C3F5000959B80 /* Sources */ = {
			isa = PBXSourcesBuildPhase;
			buildActionMask = 2147483647;
			files = (
				7D71321D188C3F5000959B80 /* osuTests.m in Sources */,
			);
			runOnlyForDeploymentPostprocessing = 0;
		};
/* End PBXSourcesBuildPhase section */

/* Begin PBXTargetDependency section */
		7D713215188C3F5000959B80 /* PBXTargetDependency */ = {
			isa = PBXTargetDependency;
			target = 7D7131E8188C3F5000959B80 /* Osu for Mac! */;
			targetProxy = 7D713214188C3F5000959B80 /* PBXContainerItemProxy */;
		};
/* End PBXTargetDependency section */

/* Begin PBXVariantGroup section */
		7D7131F7188C3F5000959B80 /* InfoPlist.strings */ = {
			isa = PBXVariantGroup;
			children = (
				7D7131F8188C3F5000959B80 /* en */,
			);
			name = InfoPlist.strings;
			sourceTree = "<group>";
		};
		7D7131FD188C3F5000959B80 /* Credits.rtf */ = {
			isa = PBXVariantGroup;
			children = (
				7D7131FE188C3F5000959B80 /* en */,
			);
			name = Credits.rtf;
			sourceTree = "<group>";
		};
		7D713219188C3F5000959B80 /* InfoPlist.strings */ = {
			isa = PBXVariantGroup;
			children = (
				7D71321A188C3F5000959B80 /* en */,
			);
			name = InfoPlist.strings;
			sourceTree = "<group>";
		};
/* End PBXVariantGroup section */

/* Begin XCBuildConfiguration section */
		7D71321E188C3F5000959B80 /* Debug */ = {
			isa = XCBuildConfiguration;
			buildSettings = {
				ALWAYS_SEARCH_USER_PATHS = NO;
				CLANG_CXX_LANGUAGE_STANDARD = "gnu++0x";
				CLANG_CXX_LIBRARY = "libc++";
				CLANG_ENABLE_OBJC_ARC = YES;
				CLANG_WARN_BOOL_CONVERSION = YES;
				CLANG_WARN_CONSTANT_CONVERSION = YES;
				CLANG_WARN_DIRECT_OBJC_ISA_USAGE = YES_ERROR;
				CLANG_WARN_EMPTY_BODY = YES;
				CLANG_WARN_ENUM_CONVERSION = YES;
				CLANG_WARN_INT_CONVERSION = YES;
				CLANG_WARN_OBJC_ROOT_CLASS = YES_ERROR;
				CLANG_WARN__DUPLICATE_METHOD_MATCH = YES;
				COPY_PHASE_STRIP = NO;
				GCC_C_LANGUAGE_STANDARD = gnu99;
				GCC_DYNAMIC_NO_PIC = NO;
				GCC_ENABLE_OBJC_EXCEPTIONS = YES;
				GCC_OPTIMIZATION_LEVEL = 0;
				GCC_PREPROCESSOR_DEFINITIONS = (
					"DEBUG=1",
					"$(inherited)",
				);
				GCC_SYMBOLS_PRIVATE_EXTERN = NO;
				GCC_WARN_64_TO_32_BIT_CONVERSION = YES;
				GCC_WARN_ABOUT_RETURN_TYPE = YES_ERROR;
				GCC_WARN_UNDECLARED_SELECTOR = YES;
				GCC_WARN_UNINITIALIZED_AUTOS = YES_AGGRESSIVE;
				GCC_WARN_UNUSED_FUNCTION = YES;
				GCC_WARN_UNUSED_VARIABLE = YES;
				MACOSX_DEPLOYMENT_TARGET = 10.9;
				ONLY_ACTIVE_ARCH = YES;
				SDKROOT = macosx;
			};
			name = Debug;
		};
		7D71321F188C3F5000959B80 /* Release */ = {
			isa = XCBuildConfiguration;
			buildSettings = {
				ALWAYS_SEARCH_USER_PATHS = NO;
				CLANG_CXX_LANGUAGE_STANDARD = "gnu++0x";
				CLANG_CXX_LIBRARY = "libc++";
				CLANG_ENABLE_OBJC_ARC = YES;
				CLANG_WARN_BOOL_CONVERSION = YES;
				CLANG_WARN_CONSTANT_CONVERSION = YES;
				CLANG_WARN_DIRECT_OBJC_ISA_USAGE = YES_ERROR;
				CLANG_WARN_EMPTY_BODY = YES;
				CLANG_WARN_ENUM_CONVERSION = YES;
				CLANG_WARN_INT_CONVERSION = YES;
				CLANG_WARN_OBJC_ROOT_CLASS = YES_ERROR;
				CLANG_WARN__DUPLICATE_METHOD_MATCH = YES;
				COPY_PHASE_STRIP = YES;
				DEBUG_INFORMATION_FORMAT = "dwarf-with-dsym";
				ENABLE_NS_ASSERTIONS = NO;
				GCC_C_LANGUAGE_STANDARD = gnu99;
				GCC_ENABLE_OBJC_EXCEPTIONS = YES;
				GCC_WARN_64_TO_32_BIT_CONVERSION = YES;
				GCC_WARN_ABOUT_RETURN_TYPE = YES_ERROR;
				GCC_WARN_UNDECLARED_SELECTOR = YES;
				GCC_WARN_UNINITIALIZED_AUTOS = YES_AGGRESSIVE;
				GCC_WARN_UNUSED_FUNCTION = YES;
				GCC_WARN_UNUSED_VARIABLE = YES;
				MACOSX_DEPLOYMENT_TARGET = 10.9;
				SDKROOT = macosx;
			};
			name = Release;
		};
		7D713221188C3F5000959B80 /* Debug */ = {
			isa = XCBuildConfiguration;
			buildSettings = {
				ASSETCATALOG_COMPILER_APPICON_NAME = AppIcon;
				COMBINE_HIDPI_IMAGES = YES;
				GCC_PRECOMPILE_PREFIX_HEADER = YES;
				GCC_PREFIX_HEADER = "osu/Osu for Mac!-Prefix.pch";
				INFOPLIST_FILE = "osu/Osu for Mac!-Info.plist";
				PRODUCT_NAME = "Osu for Mac!";
				SPRITEKIT_TEXTURE_ATLAS_OUTPUT = YES;
				WRAPPER_EXTENSION = app;
			};
			name = Debug;
		};
		7D713222188C3F5000959B80 /* Release */ = {
			isa = XCBuildConfiguration;
			buildSettings = {
				ASSETCATALOG_COMPILER_APPICON_NAME = AppIcon;
				COMBINE_HIDPI_IMAGES = YES;
				GCC_PRECOMPILE_PREFIX_HEADER = YES;
				GCC_PREFIX_HEADER = "osu/Osu for Mac!-Prefix.pch";
				INFOPLIST_FILE = "osu/Osu for Mac!-Info.plist";
				PRODUCT_NAME = "Osu for Mac!";
				SPRITEKIT_TEXTURE_ATLAS_OUTPUT = YES;
				WRAPPER_EXTENSION = app;
			};
			name = Release;
		};
		7D713224188C3F5000959B80 /* Debug */ = {
			isa = XCBuildConfiguration;
			buildSettings = {
				BUNDLE_LOADER = "$(BUILT_PRODUCTS_DIR)/osu.app/Contents/MacOS/osu";
				COMBINE_HIDPI_IMAGES = YES;
				FRAMEWORK_SEARCH_PATHS = (
					"$(DEVELOPER_FRAMEWORKS_DIR)",
					"$(inherited)",
				);
				GCC_PRECOMPILE_PREFIX_HEADER = YES;
				GCC_PREFIX_HEADER = "osu/osu-Prefix.pch";
				GCC_PREPROCESSOR_DEFINITIONS = (
					"DEBUG=1",
					"$(inherited)",
				);
				INFOPLIST_FILE = "osuTests/Osu for Mac!Tests-Info.plist";
				PRODUCT_NAME = "Osu for Mac!Tests";
				TEST_HOST = "$(BUNDLE_LOADER)";
				WRAPPER_EXTENSION = xctest;
			};
			name = Debug;
		};
		7D713225188C3F5000959B80 /* Release */ = {
			isa = XCBuildConfiguration;
			buildSettings = {
				BUNDLE_LOADER = "$(BUILT_PRODUCTS_DIR)/osu.app/Contents/MacOS/osu";
				COMBINE_HIDPI_IMAGES = YES;
				FRAMEWORK_SEARCH_PATHS = (
					"$(DEVELOPER_FRAMEWORKS_DIR)",
					"$(inherited)",
				);
				GCC_PRECOMPILE_PREFIX_HEADER = YES;
				GCC_PREFIX_HEADER = "osu/osu-Prefix.pch";
				INFOPLIST_FILE = "osuTests/Osu for Mac!Tests-Info.plist";
				PRODUCT_NAME = "Osu for Mac!Tests";
				TEST_HOST = "$(BUNDLE_LOADER)";
				WRAPPER_EXTENSION = xctest;
			};
			name = Release;
		};
/* End XCBuildConfiguration section */

/* Begin XCConfigurationList section */
		7D7131E4188C3F5000959B80 /* Build configuration list for PBXProject "Osu for Mac!" */ = {
			isa = XCConfigurationList;
			buildConfigurations = (
				7D71321E188C3F5000959B80 /* Debug */,
				7D71321F188C3F5000959B80 /* Release */,
			);
			defaultConfigurationIsVisible = 0;
			defaultConfigurationName = Release;
		};
		7D713220188C3F5000959B80 /* Build configuration list for PBXNativeTarget "Osu for Mac!" */ = {
			isa = XCConfigurationList;
			buildConfigurations = (
				7D713221188C3F5000959B80 /* Debug */,
				7D713222188C3F5000959B80 /* Release */,
			);
			defaultConfigurationIsVisible = 0;
			defaultConfigurationName = Release;
		};
		7D713223188C3F5000959B80 /* Build configuration list for PBXNativeTarget "Osu for Mac!Tests" */ = {
			isa = XCConfigurationList;
			buildConfigurations = (
				7D713224188C3F5000959B80 /* Debug */,
				7D713225188C3F5000959B80 /* Release */,
			);
			defaultConfigurationIsVisible = 0;
			defaultConfigurationName = Release;
		};
/* End XCConfigurationList section */
	};
	rootObject = 7D7131E1188C3F5000959B80 /* Project object */;
}
